
Microsoft Visual Studio Solution File, Format Version 12.00
# Visual Studio 15
VisualStudioVersion = 15.0.26124.0
MinimumVisualStudioVersion = 15.0.26124.0
Project("{FAE04EC0-301F-11D3-BF4B-00C04F79EFBC}") = "Enviroments.Api", "Enviroments.Api\Enviroments.Api.csproj", "{98DA59F8-121D-43A4-A8EB-50EB9860A17E}"
EndProject
Project("{FAE04EC0-301F-11D3-BF4B-00C04F79EFBC}") = "Enviroments.Lib", "Enviroments.Lib\Enviroments.Lib.csproj", "{91810313-7C86-46FF-943D-50E7B2E3C440}"
EndProject
Project("{FAE04EC0-301F-11D3-BF4B-00C04F79EFBC}") = "Enviroments.Test", "Enviroments.Test\Enviroments.Test.csproj", "{EC47012C-6E83-4DF5-BA43-662E7418FAC0}"
EndProject
Project("{FAE04EC0-301F-11D3-BF4B-00C04F79EFBC}") = "Enviroment.Domain", "Enviroment.Domain\Enviroment.Domain.csproj", "{B722737E-0A33-400D-8D9C-7204CAB5788E}"
EndProject
Global
	GlobalSection(SolutionConfigurationPlatforms) = preSolution
		Debug|Any CPU = Debug|Any CPU
		Debug|x64 = Debug|x64
		Debug|x86 = Debug|x86
		Release|Any CPU = Release|Any CPU
		Release|x64 = Release|x64
		Release|x86 = Release|x86
	EndGlobalSection
	GlobalSection(SolutionProperties) = preSolution
		HideSolutionNode = FALSE
	EndGlobalSection
	GlobalSection(ProjectConfigurationPlatforms) = postSolution
		{98DA59F8-121D-43A4-A8EB-50EB9860A17E}.Debug|Any CPU.ActiveCfg = Debug|Any CPU
		{98DA59F8-121D-43A4-A8EB-50EB9860A17E}.Debug|Any CPU.Build.0 = Debug|Any CPU
		{98DA59F8-121D-43A4-A8EB-50EB9860A17E}.Debug|x64.ActiveCfg = Debug|Any CPU
		{98DA59F8-121D-43A4-A8EB-50EB9860A17E}.Debug|x64.Build.0 = Debug|Any CPU
		{98DA59F8-121D-43A4-A8EB-50EB9860A17E}.Debug|x86.ActiveCfg = Debug|Any CPU
		{98DA59F8-121D-43A4-A8EB-50EB9860A17E}.Debug|x86.Build.0 = Debug|Any CPU
		{98DA59F8-121D-43A4-A8EB-50EB9860A17E}.Release|Any CPU.ActiveCfg = Release|Any CPU
		{98DA59F8-121D-43A4-A8EB-50EB9860A17E}.Release|Any CPU.Build.0 = Release|Any CPU
		{98DA59F8-121D-43A4-A8EB-50EB9860A17E}.Release|x64.ActiveCfg = Release|Any CPU
		{98DA59F8-121D-43A4-A8EB-50EB9860A17E}.Release|x64.Build.0 = Release|Any CPU
		{98DA59F8-121D-43A4-A8EB-50EB9860A17E}.Release|x86.ActiveCfg = Release|Any CPU
		{98DA59F8-121D-43A4-A8EB-50EB9860A17E}.Release|x86.Build.0 = Release|Any CPU
		{91810313-7C86-46FF-943D-50E7B2E3C440}.Debug|Any CPU.ActiveCfg = Debug|Any CPU
		{91810313-7C86-46FF-943D-50E7B2E3C440}.Debug|Any CPU.Build.0 = Debug|Any CPU
		{91810313-7C86-46FF-943D-50E7B2E3C440}.Debug|x64.ActiveCfg = Debug|Any CPU
		{91810313-7C86-46FF-943D-50E7B2E3C440}.Debug|x64.Build.0 = Debug|Any CPU
		{91810313-7C86-46FF-943D-50E7B2E3C440}.Debug|x86.ActiveCfg = Debug|Any CPU
		{91810313-7C86-46FF-943D-50E7B2E3C440}.Debug|x86.Build.0 = Debug|Any CPU
		{91810313-7C86-46FF-943D-50E7B2E3C440}.Release|Any CPU.ActiveCfg = Release|Any CPU
		{91810313-7C86-46FF-943D-50E7B2E3C440}.Release|Any CPU.Build.0 = Release|Any CPU
		{91810313-7C86-46FF-943D-50E7B2E3C440}.Release|x64.ActiveCfg = Release|Any CPU
		{91810313-7C86-46FF-943D-50E7B2E3C440}.Release|x64.Build.0 = Release|Any CPU
		{91810313-7C86-46FF-943D-50E7B2E3C440}.Release|x86.ActiveCfg = Release|Any CPU
		{91810313-7C86-46FF-943D-50E7B2E3C440}.Release|x86.Build.0 = Release|Any CPU
		{EC47012C-6E83-4DF5-BA43-662E7418FAC0}.Debug|Any CPU.ActiveCfg = Debug|Any CPU
		{EC47012C-6E83-4DF5-BA43-662E7418FAC0}.Debug|Any CPU.Build.0 = Debug|Any CPU
		{EC47012C-6E83-4DF5-BA43-662E7418FAC0}.Debug|x64.ActiveCfg = Debug|Any CPU
		{EC47012C-6E83-4DF5-BA43-662E7418FAC0}.Debug|x64.Build.0 = Debug|Any CPU
		{EC47012C-6E83-4DF5-BA43-662E7418FAC0}.Debug|x86.ActiveCfg = Debug|Any CPU
		{EC47012C-6E83-4DF5-BA43-662E7418FAC0}.Debug|x86.Build.0 = Debug|Any CPU
		{EC47012C-6E83-4DF5-BA43-662E7418FAC0}.Release|Any CPU.ActiveCfg = Release|Any CPU
		{EC47012C-6E83-4DF5-BA43-662E7418FAC0}.Release|Any CPU.Build.0 = Release|Any CPU
		{EC47012C-6E83-4DF5-BA43-662E7418FAC0}.Release|x64.ActiveCfg = Release|Any CPU
		{EC47012C-6E83-4DF5-BA43-662E7418FAC0}.Release|x64.Build.0 = Release|Any CPU
		{EC47012C-6E83-4DF5-BA43-662E7418FAC0}.Release|x86.ActiveCfg = Release|Any CPU
		{EC47012C-6E83-4DF5-BA43-662E7418FAC0}.Release|x86.Build.0 = Release|Any CPU
		{B722737E-0A33-400D-8D9C-7204CAB5788E}.Debug|Any CPU.ActiveCfg = Debug|Any CPU
		{B722737E-0A33-400D-8D9C-7204CAB5788E}.Debug|Any CPU.Build.0 = Debug|Any CPU
		{B722737E-0A33-400D-8D9C-7204CAB5788E}.Debug|x64.ActiveCfg = Debug|Any CPU
		{B722737E-0A33-400D-8D9C-7204CAB5788E}.Debug|x64.Build.0 = Debug|Any CPU
		{B722737E-0A33-400D-8D9C-7204CAB5788E}.Debug|x86.ActiveCfg = Debug|Any CPU
		{B722737E-0A33-400D-8D9C-7204CAB5788E}.Debug|x86.Build.0 = Debug|Any CPU
		{B722737E-0A33-400D-8D9C-7204CAB5788E}.Release|Any CPU.ActiveCfg = Release|Any CPU
		{B722737E-0A33-400D-8D9C-7204CAB5788E}.Release|Any CPU.Build.0 = Release|Any CPU
		{B722737E-0A33-400D-8D9C-7204CAB5788E}.Release|x64.ActiveCfg = Release|Any CPU
		{B722737E-0A33-400D-8D9C-7204CAB5788E}.Release|x64.Build.0 = Release|Any CPU
		{B722737E-0A33-400D-8D9C-7204CAB5788E}.Release|x86.ActiveCfg = Release|Any CPU
		{B722737E-0A33-400D-8D9C-7204CAB5788E}.Release|x86.Build.0 = Release|Any CPU
	EndGlobalSection
EndGlobal
